
Microsoft Visual Studio Solution File, Format Version 12.00
# Visual Studio Version 17
VisualStudioVersion = 17.10.35013.160
MinimumVisualStudioVersion = 10.0.40219.1
Project("{FAE04EC0-301F-11D3-BF4B-00C04F79EFBC}") = "KeyauthRemember me tut", "KeyauthRemember me tut\KeyauthRemember me tut.csproj", "{C6EB4DFA-83A4-4EA9-8E18-BCD58E78A80F}"
EndProject
Global
	GlobalSection(SolutionConfigurationPlatforms) = preSolution
		Debug|Any CPU = Debug|Any CPU
		Release|Any CPU = Release|Any CPU
	EndGlobalSection
	GlobalSection(ProjectConfigurationPlatforms) = postSolution
		{C6EB4DFA-83A4-4EA9-8E18-BCD58E78A80F}.Debug|Any CPU.ActiveCfg = Debug|Any CPU
		{C6EB4DFA-83A4-4EA9-8E18-BCD58E78A80F}.Debug|Any CPU.Build.0 = Debug|Any CPU
		{C6EB4DFA-83A4-4EA9-8E18-BCD58E78A80F}.Release|Any CPU.ActiveCfg = Release|Any CPU
		{C6EB4DFA-83A4-4EA9-8E18-BCD58E78A80F}.Release|Any CPU.Build.0 = Release|Any CPU
	EndGlobalSection
	GlobalSection(SolutionProperties) = preSolution
		HideSolutionNode = FALSE
	EndGlobalSection
	GlobalSection(ExtensibilityGlobals) = postSolution
		SolutionGuid = {F57DD48E-965B-4115-AA81-6AB4FCB8B656}
	EndGlobalSection
EndGlobal
